
Microsoft Visual Studio Solution File, Format Version 12.00
# Visual Studio Version 17
VisualStudioVersion = 17.9.34902.65
MinimumVisualStudioVersion = 10.0.40219.1
Project("{FAE04EC0-301F-11D3-BF4B-00C04F79EFBC}") = "GB_tasks", "ConsoleApp1\GB_tasks.csproj", "{F2640F1C-4B4E-433F-A396-BD8FA74B7D01}"
EndProject
Global
	GlobalSection(SolutionConfigurationPlatforms) = preSolution
		Debug|Any CPU = Debug|Any CPU
		Release|Any CPU = Release|Any CPU
	EndGlobalSection
	GlobalSection(ProjectConfigurationPlatforms) = postSolution
		{F2640F1C-4B4E-433F-A396-BD8FA74B7D01}.Debug|Any CPU.ActiveCfg = Debug|Any CPU
		{F2640F1C-4B4E-433F-A396-BD8FA74B7D01}.Debug|Any CPU.Build.0 = Debug|Any CPU
		{F2640F1C-4B4E-433F-A396-BD8FA74B7D01}.Release|Any CPU.ActiveCfg = Release|Any CPU
		{F2640F1C-4B4E-433F-A396-BD8FA74B7D01}.Release|Any CPU.Build.0 = Release|Any CPU
	EndGlobalSection
	GlobalSection(SolutionProperties) = preSolution
		HideSolutionNode = FALSE
	EndGlobalSection
	GlobalSection(ExtensibilityGlobals) = postSolution
		SolutionGuid = {263BC1D5-F6AF-4612-8F33-ECC1447CDC6C}
	EndGlobalSection
EndGlobal
